
Microsoft Visual Studio Solution File, Format Version 12.00
# Visual Studio Version 17
VisualStudioVersion = 17.3.32825.248
MinimumVisualStudioVersion = 10.0.40219.1
Project("{FAE04EC0-301F-11D3-BF4B-00C04F79EFBC}") = "CodeFirstApproach", "CodeFirstApproach\CodeFirstApproach.csproj", "{7824D2B5-F8AD-470A-806A-C584D9D6598E}"
EndProject
Project("{FAE04EC0-301F-11D3-BF4B-00C04F79EFBC}") = "Entity", "Entity\Entity.csproj", "{C1AAA76C-8B69-49A8-9A09-B31801B4330B}"
EndProject
Global
	GlobalSection(SolutionConfigurationPlatforms) = preSolution
		Debug|Any CPU = Debug|Any CPU
		Release|Any CPU = Release|Any CPU
	EndGlobalSection
	GlobalSection(ProjectConfigurationPlatforms) = postSolution
		{7824D2B5-F8AD-470A-806A-C584D9D6598E}.Debug|Any CPU.ActiveCfg = Debug|Any CPU
		{7824D2B5-F8AD-470A-806A-C584D9D6598E}.Debug|Any CPU.Build.0 = Debug|Any CPU
		{7824D2B5-F8AD-470A-806A-C584D9D6598E}.Release|Any CPU.ActiveCfg = Release|Any CPU
		{7824D2B5-F8AD-470A-806A-C584D9D6598E}.Release|Any CPU.Build.0 = Release|Any CPU
		{C1AAA76C-8B69-49A8-9A09-B31801B4330B}.Debug|Any CPU.ActiveCfg = Debug|Any CPU
		{C1AAA76C-8B69-49A8-9A09-B31801B4330B}.Debug|Any CPU.Build.0 = Debug|Any CPU
		{C1AAA76C-8B69-49A8-9A09-B31801B4330B}.Release|Any CPU.ActiveCfg = Release|Any CPU
		{C1AAA76C-8B69-49A8-9A09-B31801B4330B}.Release|Any CPU.Build.0 = Release|Any CPU
	EndGlobalSection
	GlobalSection(SolutionProperties) = preSolution
		HideSolutionNode = FALSE
	EndGlobalSection
	GlobalSection(ExtensibilityGlobals) = postSolution
		SolutionGuid = {A758A0D4-12DF-48CE-A78D-F834D3FEC448}
	EndGlobalSection
EndGlobal
